// !$*UTF8*$!
{
	archiveVersion = 1;
	classes = {
	};
	objectVersion = 50;
	objects = {

/* Begin PBXBuildFile section */
		85EA785F2392FBED006614AF /* AppDelegate.swift in Sources */ = {isa = PBXBuildFile; fileRef = 85EA785E2392FBED006614AF /* AppDelegate.swift */; };
		85EA78612392FBED006614AF /* SceneDelegate.swift in Sources */ = {isa = PBXBuildFile; fileRef = 85EA78602392FBED006614AF /* SceneDelegate.swift */; };
		85EA78632392FBED006614AF /* MasterViewController.swift in Sources */ = {isa = PBXBuildFile; fileRef = 85EA78622392FBED006614AF /* MasterViewController.swift */; };
		85EA78662392FBED006614AF /* Main.storyboard in Resources */ = {isa = PBXBuildFile; fileRef = 85EA78642392FBED006614AF /* Main.storyboard */; };
		85EA78682392FBF0006614AF /* Assets.xcassets in Resources */ = {isa = PBXBuildFile; fileRef = 85EA78672392FBF0006614AF /* Assets.xcassets */; };
		85EA786B2392FBF0006614AF /* LaunchScreen.storyboard in Resources */ = {isa = PBXBuildFile; fileRef = 85EA78692392FBF0006614AF /* LaunchScreen.storyboard */; };
		85EA78762392FE93006614AF /* DetailViewController.swift in Sources */ = {isa = PBXBuildFile; fileRef = 85EA78752392FE93006614AF /* DetailViewController.swift */; };
		85EA787823930756006614AF /* Candy.swift in Sources */ = {isa = PBXBuildFile; fileRef = 85EA787723930756006614AF /* Candy.swift */; };
		85EA787A239308F2006614AF /* CandyTableViewCell.swift in Sources */ = {isa = PBXBuildFile; fileRef = 85EA7879239308F2006614AF /* CandyTableViewCell.swift */; };
/* End PBXBuildFile section */

/* Begin PBXFileReference section */
		85EA785B2392FBED006614AF /* CandySearch2.app */ = {isa = PBXFileReference; explicitFileType = wrapper.application; includeInIndex = 0; path = CandySearch2.app; sourceTree = BUILT_PRODUCTS_DIR; };
		85EA785E2392FBED006614AF /* AppDelegate.swift */ = {isa = PBXFileReference; lastKnownFileType = sourcecode.swift; path = AppDelegate.swift; sourceTree = "<group>"; };
		85EA78602392FBED006614AF /* SceneDelegate.swift */ = {isa = PBXFileReference; lastKnownFileType = sourcecode.swift; path = SceneDelegate.swift; sourceTree = "<group>"; };
		85EA78622392FBED006614AF /* MasterViewController.swift */ = {isa = PBXFileReference; lastKnownFileType = sourcecode.swift; path = MasterViewController.swift; sourceTree = "<group>"; };
		85EA78652392FBED006614AF /* Base */ = {isa = PBXFileReference; lastKnownFileType = file.storyboard; name = Base; path = Base.lproj/Main.storyboard; sourceTree = "<group>"; };
		85EA78672392FBF0006614AF /* Assets.xcassets */ = {isa = PBXFileReference; lastKnownFileType = folder.assetcatalog; path = Assets.xcassets; sourceTree = "<group>"; };
		85EA786A2392FBF0006614AF /* Base */ = {isa = PBXFileReference; lastKnownFileType = file.storyboard; name = Base; path = Base.lproj/LaunchScreen.storyboard; sourceTree = "<group>"; };
		85EA786C2392FBF0006614AF /* Info.plist */ = {isa = PBXFileReference; lastKnownFileType = text.plist.xml; path = Info.plist; sourceTree = "<group>"; };
		85EA78752392FE93006614AF /* DetailViewController.swift */ = {isa = PBXFileReference; lastKnownFileType = sourcecode.swift; path = DetailViewController.swift; sourceTree = "<group>"; };
		85EA787723930756006614AF /* Candy.swift */ = {isa = PBXFileReference; lastKnownFileType = sourcecode.swift; path = Candy.swift; sourceTree = "<group>"; };
		85EA7879239308F2006614AF /* CandyTableViewCell.swift */ = {isa = PBXFileReference; lastKnownFileType = sourcecode.swift; path = CandyTableViewCell.swift; sourceTree = "<group>"; };
/* End PBXFileReference section */

/* Begin PBXFrameworksBuildPhase section */
		85EA78582392FBED006614AF /* Frameworks */ = {
			isa = PBXFrameworksBuildPhase;
			buildActionMask = 2147483647;
			files = (
			);
			runOnlyForDeploymentPostprocessing = 0;
		};
/* End PBXFrameworksBuildPhase section */

/* Begin PBXGroup section */
		85EA78522392FBED006614AF = {
			isa = PBXGroup;
			children = (
				85EA785D2392FBED006614AF /* CandySearch2 */,
				85EA785C2392FBED006614AF /* Products */,
			);
			sourceTree = "<group>";
		};
		85EA785C2392FBED006614AF /* Products */ = {
			isa = PBXGroup;
			children = (
				85EA785B2392FBED006614AF /* CandySearch2.app */,
			);
			name = Products;
			sourceTree = "<group>";
		};
		85EA785D2392FBED006614AF /* CandySearch2 */ = {
			isa = PBXGroup;
			children = (
				85EA785E2392FBED006614AF /* AppDelegate.swift */,
				85EA78602392FBED006614AF /* SceneDelegate.swift */,
				85EA78742392FC5F006614AF /* Models */,
				85EA78732392FC58006614AF /* Views */,
				85EA78722392FC44006614AF /* Controllers */,
				85EA78672392FBF0006614AF /* Assets.xcassets */,
				85EA78692392FBF0006614AF /* LaunchScreen.storyboard */,
				85EA786C2392FBF0006614AF /* Info.plist */,
			);
			path = CandySearch2;
			sourceTree = "<group>";
		};
		85EA78722392FC44006614AF /* Controllers */ = {
			isa = PBXGroup;
			children = (
				85EA78622392FBED006614AF /* MasterViewController.swift */,
				85EA78752392FE93006614AF /* DetailViewController.swift */,
			);
			path = Controllers;
			sourceTree = "<group>";
		};
		85EA78732392FC58006614AF /* Views */ = {
			isa = PBXGroup;
			children = (
				85EA78642392FBED006614AF /* Main.storyboard */,
				85EA7879239308F2006614AF /* CandyTableViewCell.swift */,
			);
			path = Views;
			sourceTree = "<group>";
		};
		85EA78742392FC5F006614AF /* Models */ = {
			isa = PBXGroup;
			children = (
				85EA787723930756006614AF /* Candy.swift */,
			);
			path = Models;
			sourceTree = "<group>";
		};
/* End PBXGroup section */

/* Begin PBXNativeTarget section */
		85EA785A2392FBED006614AF /* CandySearch2 */ = {
			isa = PBXNativeTarget;
			buildConfigurationList = 85EA786F2392FBF0006614AF /* Build configuration list for PBXNativeTarget "CandySearch2" */;
			buildPhases = (
				85EA78572392FBED006614AF /* Sources */,
				85EA78582392FBED006614AF /* Frameworks */,
				85EA78592392FBED006614AF /* Resources */,
			);
			buildRules = (
			);
			dependencies = (
			);
			name = CandySearch2;
			productName = CandySearch2;
			productReference = 85EA785B2392FBED006614AF /* CandySearch2.app */;
			productType = "com.apple.product-type.application";
		};
/* End PBXNativeTarget section */

/* Begin PBXProject section */
		85EA78532392FBED006614AF /* Project object */ = {
			isa = PBXProject;
			attributes = {
				LastSwiftUpdateCheck = 1110;
				LastUpgradeCheck = 1110;
				ORGANIZATIONNAME = "Yehia Samak";
				TargetAttributes = {
					85EA785A2392FBED006614AF = {
						CreatedOnToolsVersion = 11.1;
					};
				};
			};
			buildConfigurationList = 85EA78562392FBED006614AF /* Build configuration list for PBXProject "CandySearch2" */;
			compatibilityVersion = "Xcode 9.3";
			developmentRegion = en;
			hasScannedForEncodings = 0;
			knownRegions = (
				en,
				Base,
			);
			mainGroup = 85EA78522392FBED006614AF;
			productRefGroup = 85EA785C2392FBED006614AF /* Products */;
			projectDirPath = "";
			projectRoot = "";
			targets = (
				85EA785A2392FBED006614AF /* CandySearch2 */,
			);
		};
/* End PBXProject section */

/* Begin PBXResourcesBuildPhase section */
		85EA78592392FBED006614AF /* Resources */ = {
			isa = PBXResourcesBuildPhase;
			buildActionMask = 2147483647;
			files = (
				85EA786B2392FBF0006614AF /* LaunchScreen.storyboard in Resources */,
				85EA78682392FBF0006614AF /* Assets.xcassets in Resources */,
				85EA78662392FBED006614AF /* Main.storyboard in Resources */,
			);
			runOnlyForDeploymentPostprocessing = 0;
		};
/* End PBXResourcesBuildPhase section */

/* Begin PBXSourcesBuildPhase section */
		85EA78572392FBED006614AF /* Sources */ = {
			isa = PBXSourcesBuildPhase;
			buildActionMask = 2147483647;
			files = (
				85EA78632392FBED006614AF /* MasterViewController.swift in Sources */,
				85EA787823930756006614AF /* Candy.swift in Sources */,
				85EA785F2392FBED006614AF /* AppDelegate.swift in Sources */,
				85EA787A239308F2006614AF /* CandyTableViewCell.swift in Sources */,
				85EA78612392FBED006614AF /* SceneDelegate.swift in Sources */,
				85EA78762392FE93006614AF /* DetailViewController.swift in Sources */,
			);
			runOnlyForDeploymentPostprocessing = 0;
		};
/* End PBXSourcesBuildPhase section */

/* Begin PBXVariantGroup section */
		85EA78642392FBED006614AF /* Main.storyboard */ = {
			isa = PBXVariantGroup;
			children = (
				85EA78652392FBED006614AF /* Base */,
			);
			name = Main.storyboard;
			sourceTree = "<group>";
		};
		85EA78692392FBF0006614AF /* LaunchScreen.storyboard */ = {
			isa = PBXVariantGroup;
			children = (
				85EA786A2392FBF0006614AF /* Base */,
			);
			name = LaunchScreen.storyboard;
			sourceTree = "<group>";
		};
/* End PBXVariantGroup section */

/* Begin XCBuildConfiguration section */
		85EA786D2392FBF0006614AF /* Debug */ = {
			isa = XCBuildConfiguration;
			buildSettings = {
				ALWAYS_SEARCH_USER_PATHS = NO;
				CLANG_ANALYZER_NONNULL = YES;
				CLANG_ANALYZER_NUMBER_OBJECT_CONVERSION = YES_AGGRESSIVE;
				CLANG_CXX_LANGUAGE_STANDARD = "gnu++14";
				CLANG_CXX_LIBRARY = "libc++";
				CLANG_ENABLE_MODULES = YES;
				CLANG_ENABLE_OBJC_ARC = YES;
				CLANG_ENABLE_OBJC_WEAK = YES;
				CLANG_WARN_BLOCK_CAPTURE_AUTORELEASING = YES;
				CLANG_WARN_BOOL_CONVERSION = YES;
				CLANG_WARN_COMMA = YES;
				CLANG_WARN_CONSTANT_CONVERSION = YES;
				CLANG_WARN_DEPRECATED_OBJC_IMPLEMENTATIONS = YES;
				CLANG_WARN_DIRECT_OBJC_ISA_USAGE = YES_ERROR;
				CLANG_WARN_DOCUMENTATION_COMMENTS = YES;
				CLANG_WARN_EMPTY_BODY = YES;
				CLANG_WARN_ENUM_CONVERSION = YES;
				CLANG_WARN_INFINITE_RECURSION = YES;
				CLANG_WARN_INT_CONVERSION = YES;
				CLANG_WARN_NON_LITERAL_NULL_CONVERSION = YES;
				CLANG_WARN_OBJC_IMPLICIT_RETAIN_SELF = YES;
				CLANG_WARN_OBJC_LITERAL_CONVERSION = YES;
				CLANG_WARN_OBJC_ROOT_CLASS = YES_ERROR;
				CLANG_WARN_RANGE_LOOP_ANALYSIS = YES;
				CLANG_WARN_STRICT_PROTOTYPES = YES;
				CLANG_WARN_SUSPICIOUS_MOVE = YES;
				CLANG_WARN_UNGUARDED_AVAILABILITY = YES_AGGRESSIVE;
				CLANG_WARN_UNREACHABLE_CODE = YES;
				CLANG_WARN__DUPLICATE_METHOD_MATCH = YES;
				COPY_PHASE_STRIP = NO;
				DEBUG_INFORMATION_FORMAT = dwarf;
				ENABLE_STRICT_OBJC_MSGSEND = YES;
				ENABLE_TESTABILITY = YES;
				GCC_C_LANGUAGE_STANDARD = gnu11;
				GCC_DYNAMIC_NO_PIC = NO;
				GCC_NO_COMMON_BLOCKS = YES;
				GCC_OPTIMIZATION_LEVEL = 0;
				GCC_PREPROCESSOR_DEFINITIONS = (
					"DEBUG=1",
					"$(inherited)",
				);
				GCC_WARN_64_TO_32_BIT_CONVERSION = YES;
				GCC_WARN_ABOUT_RETURN_TYPE = YES_ERROR;
				GCC_WARN_UNDECLARED_SELECTOR = YES;
				GCC_WARN_UNINITIALIZED_AUTOS = YES_AGGRESSIVE;
				GCC_WARN_UNUSED_FUNCTION = YES;
				GCC_WARN_UNUSED_VARIABLE = YES;
				IPHONEOS_DEPLOYMENT_TARGET = 13.1;
				MTL_ENABLE_DEBUG_INFO = INCLUDE_SOURCE;
				MTL_FAST_MATH = YES;
				ONLY_ACTIVE_ARCH = YES;
				SDKROOT = iphoneos;
				SWIFT_ACTIVE_COMPILATION_CONDITIONS = DEBUG;
				SWIFT_OPTIMIZATION_LEVEL = "-Onone";
			};
			name = Debug;
		};
		85EA786E2392FBF0006614AF /* Release */ = {
			isa = XCBuildConfiguration;
			buildSettings = {
				ALWAYS_SEARCH_USER_PATHS = NO;
				CLANG_ANALYZER_NONNULL = YES;
				CLANG_ANALYZER_NUMBER_OBJECT_CONVERSION = YES_AGGRESSIVE;
				CLANG_CXX_LANGUAGE_STANDARD = "gnu++14";
				CLANG_CXX_LIBRARY = "libc++";
				CLANG_ENABLE_MODULES = YES;
				CLANG_ENABLE_OBJC_ARC = YES;
				CLANG_ENABLE_OBJC_WEAK = YES;
				CLANG_WARN_BLOCK_CAPTURE_AUTORELEASING = YES;
				CLANG_WARN_BOOL_CONVERSION = YES;
				CLANG_WARN_COMMA = YES;
				CLANG_WARN_CONSTANT_CONVERSION = YES;
				CLANG_WARN_DEPRECATED_OBJC_IMPLEMENTATIONS = YES;
				CLANG_WARN_DIRECT_OBJC_ISA_USAGE = YES_ERROR;
				CLANG_WARN_DOCUMENTATION_COMMENTS = YES;
				CLANG_WARN_EMPTY_BODY = YES;
				CLANG_WARN_ENUM_CONVERSION = YES;
				CLANG_WARN_INFINITE_RECURSION = YES;
				CLANG_WARN_INT_CONVERSION = YES;
				CLANG_WARN_NON_LITERAL_NULL_CONVERSION = YES;
				CLANG_WARN_OBJC_IMPLICIT_RETAIN_SELF = YES;
				CLANG_WARN_OBJC_LITERAL_CONVERSION = YES;
				CLANG_WARN_OBJC_ROOT_CLASS = YES_ERROR;
				CLANG_WARN_RANGE_LOOP_ANALYSIS = YES;
				CLANG_WARN_STRICT_PROTOTYPES = YES;
				CLANG_WARN_SUSPICIOUS_MOVE = YES;
				CLANG_WARN_UNGUARDED_AVAILABILITY = YES_AGGRESSIVE;
				CLANG_WARN_UNREACHABLE_CODE = YES;
				CLANG_WARN__DUPLICATE_METHOD_MATCH = YES;
				COPY_PHASE_STRIP = NO;
				DEBUG_INFORMATION_FORMAT = "dwarf-with-dsym";
				ENABLE_NS_ASSERTIONS = NO;
				ENABLE_STRICT_OBJC_MSGSEND = YES;
				GCC_C_LANGUAGE_STANDARD = gnu11;
				GCC_NO_COMMON_BLOCKS = YES;
				GCC_WARN_64_TO_32_BIT_CONVERSION = YES;
				GCC_WARN_ABOUT_RETURN_TYPE = YES_ERROR;
				GCC_WARN_UNDECLARED_SELECTOR = YES;
				GCC_WARN_UNINITIALIZED_AUTOS = YES_AGGRESSIVE;
				GCC_WARN_UNUSED_FUNCTION = YES;
				GCC_WARN_UNUSED_VARIABLE = YES;
				IPHONEOS_DEPLOYMENT_TARGET = 13.1;
				MTL_ENABLE_DEBUG_INFO = NO;
				MTL_FAST_MATH = YES;
				SDKROOT = iphoneos;
				SWIFT_COMPILATION_MODE = wholemodule;
				SWIFT_OPTIMIZATION_LEVEL = "-O";
				VALIDATE_PRODUCT = YES;
			};
			name = Release;
		};
		85EA78702392FBF0006614AF /* Debug */ = {
			isa = XCBuildConfiguration;
			buildSettings = {
				ASSETCATALOG_COMPILER_APPICON_NAME = AppIcon;
				CODE_SIGN_STYLE = Automatic;
				DEVELOPMENT_TEAM = MK2993L76F;
				INFOPLIST_FILE = CandySearch2/Info.plist;
				LD_RUNPATH_SEARCH_PATHS = (
					"$(inherited)",
					"@executable_path/Frameworks",
				);
				PRODUCT_BUNDLE_IDENTIFIER = com.yehiasamak.CandySearch2;
				PRODUCT_NAME = "$(TARGET_NAME)";
				SWIFT_VERSION = 5.0;
				TARGETED_DEVICE_FAMILY = "1,2";
			};
			name = Debug;
		};
		85EA78712392FBF0006614AF /* Release */ = {
			isa = XCBuildConfiguration;
			buildSettings = {
				ASSETCATALOG_COMPILER_APPICON_NAME = AppIcon;
				CODE_SIGN_STYLE = Automatic;
				DEVELOPMENT_TEAM = MK2993L76F;
				INFOPLIST_FILE = CandySearch2/Info.plist;
				LD_RUNPATH_SEARCH_PATHS = (
					"$(inherited)",
					"@executable_path/Frameworks",
				);
				PRODUCT_BUNDLE_IDENTIFIER = com.yehiasamak.CandySearch2;
				PRODUCT_NAME = "$(TARGET_NAME)";
				SWIFT_VERSION = 5.0;
				TARGETED_DEVICE_FAMILY = "1,2";
			};
			name = Release;
		};
/* End XCBuildConfiguration section */

/* Begin XCConfigurationList section */
		85EA78562392FBED006614AF /* Build configuration list for PBXProject "CandySearch2" */ = {
			isa = XCConfigurationList;
			buildConfigurations = (
				85EA786D2392FBF0006614AF /* Debug */,
				85EA786E2392FBF0006614AF /* Release */,
			);
			defaultConfigurationIsVisible = 0;
			defaultConfigurationName = Release;
		};
		85EA786F2392FBF0006614AF /* Build configuration list for PBXNativeTarget "CandySearch2" */ = {
			isa = XCConfigurationList;
			buildConfigurations = (
				85EA78702392FBF0006614AF /* Debug */,
				85EA78712392FBF0006614AF /* Release */,
			);
			defaultConfigurationIsVisible = 0;
			defaultConfigurationName = Release;
		};
/* End XCConfigurationList section */
	};
	rootObject = 85EA78532392FBED006614AF /* Project object */;
}
